
Microsoft Visual Studio Solution File, Format Version 12.00
# Visual Studio Version 16
VisualStudioVersion = 16.0.30717.126
MinimumVisualStudioVersion = 10.0.40219.1
Project("{9A19103F-16F7-4668-BE54-9A1E7A4F7556}") = "GodsEye.ConsoleApp", "GodsEye.ConsoleApp\GodsEye.ConsoleApp.csproj", "{A3DC293D-38A6-46AC-9345-B71943ADFB07}"
EndProject
Project("{9A19103F-16F7-4668-BE54-9A1E7A4F7556}") = "GodsEye.ImageStreaming.ImageSource", "GodsEye.ImageStreaming.ImageSource\GodsEye.ImageStreaming.ImageSource.csproj", "{4A2D184D-F947-4B61-9E2F-3C613EDB6910}"
EndProject
Project("{9A19103F-16F7-4668-BE54-9A1E7A4F7556}") = "GodsEye.Utility", "GodsEye.Utility\GodsEye.Utility.csproj", "{1F621FF3-AFA7-4719-9DFD-A7828D9B1487}"
EndProject
Project("{FAE04EC0-301F-11D3-BF4B-00C04F79EFBC}") = "GodsEye.ImageStreaming.Camera", "GodsEye.ImageStreaming.Camera\GodsEye.ImageStreaming.Camera.csproj", "{71C3AF37-FA09-4776-BC63-4827BC0A52CD}"
EndProject
Global
	GlobalSection(SolutionConfigurationPlatforms) = preSolution
		Debug|Any CPU = Debug|Any CPU
		Release|Any CPU = Release|Any CPU
	EndGlobalSection
	GlobalSection(ProjectConfigurationPlatforms) = postSolution
		{A3DC293D-38A6-46AC-9345-B71943ADFB07}.Debug|Any CPU.ActiveCfg = Debug|Any CPU
		{A3DC293D-38A6-46AC-9345-B71943ADFB07}.Debug|Any CPU.Build.0 = Debug|Any CPU
		{A3DC293D-38A6-46AC-9345-B71943ADFB07}.Release|Any CPU.ActiveCfg = Release|Any CPU
		{A3DC293D-38A6-46AC-9345-B71943ADFB07}.Release|Any CPU.Build.0 = Release|Any CPU
		{4A2D184D-F947-4B61-9E2F-3C613EDB6910}.Debug|Any CPU.ActiveCfg = Debug|Any CPU
		{4A2D184D-F947-4B61-9E2F-3C613EDB6910}.Debug|Any CPU.Build.0 = Debug|Any CPU
		{4A2D184D-F947-4B61-9E2F-3C613EDB6910}.Release|Any CPU.ActiveCfg = Release|Any CPU
		{4A2D184D-F947-4B61-9E2F-3C613EDB6910}.Release|Any CPU.Build.0 = Release|Any CPU
		{1F621FF3-AFA7-4719-9DFD-A7828D9B1487}.Debug|Any CPU.ActiveCfg = Debug|Any CPU
		{1F621FF3-AFA7-4719-9DFD-A7828D9B1487}.Debug|Any CPU.Build.0 = Debug|Any CPU
		{1F621FF3-AFA7-4719-9DFD-A7828D9B1487}.Release|Any CPU.ActiveCfg = Release|Any CPU
		{1F621FF3-AFA7-4719-9DFD-A7828D9B1487}.Release|Any CPU.Build.0 = Release|Any CPU
		{71C3AF37-FA09-4776-BC63-4827BC0A52CD}.Debug|Any CPU.ActiveCfg = Debug|Any CPU
		{71C3AF37-FA09-4776-BC63-4827BC0A52CD}.Debug|Any CPU.Build.0 = Debug|Any CPU
		{71C3AF37-FA09-4776-BC63-4827BC0A52CD}.Release|Any CPU.ActiveCfg = Release|Any CPU
		{71C3AF37-FA09-4776-BC63-4827BC0A52CD}.Release|Any CPU.Build.0 = Release|Any CPU
	EndGlobalSection
	GlobalSection(SolutionProperties) = preSolution
		HideSolutionNode = FALSE
	EndGlobalSection
	GlobalSection(ExtensibilityGlobals) = postSolution
		SolutionGuid = {C2DEB548-F012-4DBC-B9D8-36265E59171B}
	EndGlobalSection
EndGlobal
